
Microsoft Visual Studio Solution File, Format Version 12.00
# Visual Studio Version 17
VisualStudioVersion = 17.7.34221.43
MinimumVisualStudioVersion = 10.0.40219.1
Project("{FAE04EC0-301F-11D3-BF4B-00C04F79EFBC}") = "301236921(Garcia)Lab3", "301236921(Garcia)Lab3\301236921(Garcia)Lab3.csproj", "{19CEC1E5-1A6B-472F-B16E-6084DA5E397A}"
EndProject
Global
	GlobalSection(SolutionConfigurationPlatforms) = preSolution
		Debug|Any CPU = Debug|Any CPU
		Release|Any CPU = Release|Any CPU
	EndGlobalSection
	GlobalSection(ProjectConfigurationPlatforms) = postSolution
		{19CEC1E5-1A6B-472F-B16E-6084DA5E397A}.Debug|Any CPU.ActiveCfg = Debug|Any CPU
		{19CEC1E5-1A6B-472F-B16E-6084DA5E397A}.Debug|Any CPU.Build.0 = Debug|Any CPU
		{19CEC1E5-1A6B-472F-B16E-6084DA5E397A}.Release|Any CPU.ActiveCfg = Release|Any CPU
		{19CEC1E5-1A6B-472F-B16E-6084DA5E397A}.Release|Any CPU.Build.0 = Release|Any CPU
	EndGlobalSection
	GlobalSection(SolutionProperties) = preSolution
		HideSolutionNode = FALSE
	EndGlobalSection
	GlobalSection(ExtensibilityGlobals) = postSolution
		SolutionGuid = {06CF5BA8-3E5E-4DDF-914E-A2090B3BA6A2}
	EndGlobalSection
EndGlobal
